
Microsoft Visual Studio Solution File, Format Version 12.00
# Visual Studio 15
VisualStudioVersion = 15.0.26124.0
MinimumVisualStudioVersion = 15.0.26124.0
Project("{FAE04EC0-301F-11D3-BF4B-00C04F79EFBC}") = "VendorEngrams", "VendorEngrams\VendorEngrams.csproj", "{B7D5958F-CC93-43DC-A277-4E625701540D}"
EndProject
Global
	GlobalSection(SolutionConfigurationPlatforms) = preSolution
		Debug|Any CPU = Debug|Any CPU
		Debug|x64 = Debug|x64
		Debug|x86 = Debug|x86
		Release|Any CPU = Release|Any CPU
		Release|x64 = Release|x64
		Release|x86 = Release|x86
	EndGlobalSection
	GlobalSection(SolutionProperties) = preSolution
		HideSolutionNode = FALSE
	EndGlobalSection
	GlobalSection(ProjectConfigurationPlatforms) = postSolution
		{B7D5958F-CC93-43DC-A277-4E625701540D}.Debug|Any CPU.ActiveCfg = Debug|Any CPU
		{B7D5958F-CC93-43DC-A277-4E625701540D}.Debug|Any CPU.Build.0 = Debug|Any CPU
		{B7D5958F-CC93-43DC-A277-4E625701540D}.Debug|x64.ActiveCfg = Debug|Any CPU
		{B7D5958F-CC93-43DC-A277-4E625701540D}.Debug|x64.Build.0 = Debug|Any CPU
		{B7D5958F-CC93-43DC-A277-4E625701540D}.Debug|x86.ActiveCfg = Debug|Any CPU
		{B7D5958F-CC93-43DC-A277-4E625701540D}.Debug|x86.Build.0 = Debug|Any CPU
		{B7D5958F-CC93-43DC-A277-4E625701540D}.Release|Any CPU.ActiveCfg = Release|Any CPU
		{B7D5958F-CC93-43DC-A277-4E625701540D}.Release|Any CPU.Build.0 = Release|Any CPU
		{B7D5958F-CC93-43DC-A277-4E625701540D}.Release|x64.ActiveCfg = Release|Any CPU
		{B7D5958F-CC93-43DC-A277-4E625701540D}.Release|x64.Build.0 = Release|Any CPU
		{B7D5958F-CC93-43DC-A277-4E625701540D}.Release|x86.ActiveCfg = Release|Any CPU
		{B7D5958F-CC93-43DC-A277-4E625701540D}.Release|x86.Build.0 = Release|Any CPU
	EndGlobalSection
EndGlobal
